
Microsoft Visual Studio Solution File, Format Version 12.00
# Visual Studio Version 16
VisualStudioVersion = 16.0.30204.135
MinimumVisualStudioVersion = 10.0.40219.1
Project("{9A19103F-16F7-4668-BE54-9A1E7A4F7556}") = "ConditionExercise1", "ConditionExercise1\ConditionExercise1.csproj", "{BA3596F1-BA02-46D5-89CB-EC2174AD931E}"
EndProject
Project("{9A19103F-16F7-4668-BE54-9A1E7A4F7556}") = "ConditionExercise2", "ConditionExercise2\ConditionExercise2.csproj", "{3CF966E5-6346-44DC-9B9D-2386B9DAAB66}"
EndProject
Project("{9A19103F-16F7-4668-BE54-9A1E7A4F7556}") = "ConditionExercise3", "ConditionExercise3\ConditionExercise3.csproj", "{F01DA155-A21C-4F11-BCA0-27BA73769FCC}"
EndProject
Project("{FAE04EC0-301F-11D3-BF4B-00C04F79EFBC}") = "ConditionExercise4", "ConditionExercise4\ConditionExercise4.csproj", "{A98453AF-B312-41A2-87DE-6F9F048FFD15}"
EndProject
Global
	GlobalSection(SolutionConfigurationPlatforms) = preSolution
		Debug|Any CPU = Debug|Any CPU
		Release|Any CPU = Release|Any CPU
	EndGlobalSection
	GlobalSection(ProjectConfigurationPlatforms) = postSolution
		{BA3596F1-BA02-46D5-89CB-EC2174AD931E}.Debug|Any CPU.ActiveCfg = Debug|Any CPU
		{BA3596F1-BA02-46D5-89CB-EC2174AD931E}.Debug|Any CPU.Build.0 = Debug|Any CPU
		{BA3596F1-BA02-46D5-89CB-EC2174AD931E}.Release|Any CPU.ActiveCfg = Release|Any CPU
		{BA3596F1-BA02-46D5-89CB-EC2174AD931E}.Release|Any CPU.Build.0 = Release|Any CPU
		{3CF966E5-6346-44DC-9B9D-2386B9DAAB66}.Debug|Any CPU.ActiveCfg = Debug|Any CPU
		{3CF966E5-6346-44DC-9B9D-2386B9DAAB66}.Debug|Any CPU.Build.0 = Debug|Any CPU
		{3CF966E5-6346-44DC-9B9D-2386B9DAAB66}.Release|Any CPU.ActiveCfg = Release|Any CPU
		{3CF966E5-6346-44DC-9B9D-2386B9DAAB66}.Release|Any CPU.Build.0 = Release|Any CPU
		{F01DA155-A21C-4F11-BCA0-27BA73769FCC}.Debug|Any CPU.ActiveCfg = Debug|Any CPU
		{F01DA155-A21C-4F11-BCA0-27BA73769FCC}.Debug|Any CPU.Build.0 = Debug|Any CPU
		{F01DA155-A21C-4F11-BCA0-27BA73769FCC}.Release|Any CPU.ActiveCfg = Release|Any CPU
		{F01DA155-A21C-4F11-BCA0-27BA73769FCC}.Release|Any CPU.Build.0 = Release|Any CPU
		{A98453AF-B312-41A2-87DE-6F9F048FFD15}.Debug|Any CPU.ActiveCfg = Debug|Any CPU
		{A98453AF-B312-41A2-87DE-6F9F048FFD15}.Debug|Any CPU.Build.0 = Debug|Any CPU
		{A98453AF-B312-41A2-87DE-6F9F048FFD15}.Release|Any CPU.ActiveCfg = Release|Any CPU
		{A98453AF-B312-41A2-87DE-6F9F048FFD15}.Release|Any CPU.Build.0 = Release|Any CPU
	EndGlobalSection
	GlobalSection(SolutionProperties) = preSolution
		HideSolutionNode = FALSE
	EndGlobalSection
	GlobalSection(ExtensibilityGlobals) = postSolution
		SolutionGuid = {DF5E45A4-DAC7-4C6B-874D-D155A6708497}
	EndGlobalSection
EndGlobal
